// !$*UTF8*$!
{
	archiveVersion = 1;
	classes = {
	};
	objectVersion = 55;
	objects = {

/* Begin PBXBuildFile section */
		0F675C2E282893DF009A0C86 /* ChartViewController.swift in Sources */ = {isa = PBXBuildFile; fileRef = 0F675C2D282893DF009A0C86 /* ChartViewController.swift */; };
		0F675C3228289640009A0C86 /* LoginViewController.swift in Sources */ = {isa = PBXBuildFile; fileRef = 0F675C3128289640009A0C86 /* LoginViewController.swift */; };
		0FC63B062828834800C16BD8 /* AppDelegate.swift in Sources */ = {isa = PBXBuildFile; fileRef = 0FC63B052828834800C16BD8 /* AppDelegate.swift */; };
		0FC63B0A2828834800C16BD8 /* ViewController.swift in Sources */ = {isa = PBXBuildFile; fileRef = 0FC63B092828834800C16BD8 /* ViewController.swift */; };
		0FC63B0F2828834900C16BD8 /* Assets.xcassets in Resources */ = {isa = PBXBuildFile; fileRef = 0FC63B0E2828834900C16BD8 /* Assets.xcassets */; };
		0FC63B122828834900C16BD8 /* LaunchScreen.storyboard in Resources */ = {isa = PBXBuildFile; fileRef = 0FC63B102828834900C16BD8 /* LaunchScreen.storyboard */; };
		0FC63B28282887C400C16BD8 /* IPC.swift in Sources */ = {isa = PBXBuildFile; fileRef = 0FC63B27282887C400C16BD8 /* IPC.swift */; };
		0FC63B2B2828889700C16BD8 /* UIImage+.swift in Sources */ = {isa = PBXBuildFile; fileRef = 0FC63B2A2828889700C16BD8 /* UIImage+.swift */; };
		0FC63B2E282888CE00C16BD8 /* TabBarViewController.swift in Sources */ = {isa = PBXBuildFile; fileRef = 0FC63B2D282888CE00C16BD8 /* TabBarViewController.swift */; };
		0FC63B3028288D4300C16BD8 /* ViewModelHelper.swift in Sources */ = {isa = PBXBuildFile; fileRef = 0FC63B2F28288D4300C16BD8 /* ViewModelHelper.swift */; };
		0FC63B3228288E3600C16BD8 /* TabBarViewControllerViewModel.swift in Sources */ = {isa = PBXBuildFile; fileRef = 0FC63B3128288E3600C16BD8 /* TabBarViewControllerViewModel.swift */; };
		0FC66FD02828906700F36E47 /* GBM_ChallengeTests.swift in Sources */ = {isa = PBXBuildFile; fileRef = 0FC66FCF2828906700F36E47 /* GBM_ChallengeTests.swift */; };
		ADE6913686693ED1DA781966 /* Pods_GBM_ChallengeTests.framework in Frameworks */ = {isa = PBXBuildFile; fileRef = 82A2813CE6F2B107C4CB1EF0 /* Pods_GBM_ChallengeTests.framework */; };
		D7EFFB98CEEAA4CBC9BFFBBC /* Pods_GBM_Challenge.framework in Frameworks */ = {isa = PBXBuildFile; fileRef = 95610CE5B7D842AF5FECD385 /* Pods_GBM_Challenge.framework */; };
/* End PBXBuildFile section */

/* Begin PBXContainerItemProxy section */
		0FC66FD12828906700F36E47 /* PBXContainerItemProxy */ = {
			isa = PBXContainerItemProxy;
			containerPortal = 0FC63AFA2828834800C16BD8 /* Project object */;
			proxyType = 1;
			remoteGlobalIDString = 0FC63B012828834800C16BD8;
			remoteInfo = "GBM-Challenge";
		};
/* End PBXContainerItemProxy section */

/* Begin PBXFileReference section */
		0F675C2D282893DF009A0C86 /* ChartViewController.swift */ = {isa = PBXFileReference; lastKnownFileType = sourcecode.swift; path = ChartViewController.swift; sourceTree = "<group>"; };
		0F675C3128289640009A0C86 /* LoginViewController.swift */ = {isa = PBXFileReference; lastKnownFileType = sourcecode.swift; path = LoginViewController.swift; sourceTree = "<group>"; };
		0FC63B022828834800C16BD8 /* GBM-Challenge.app */ = {isa = PBXFileReference; explicitFileType = wrapper.application; includeInIndex = 0; path = "GBM-Challenge.app"; sourceTree = BUILT_PRODUCTS_DIR; };
		0FC63B052828834800C16BD8 /* AppDelegate.swift */ = {isa = PBXFileReference; lastKnownFileType = sourcecode.swift; path = AppDelegate.swift; sourceTree = "<group>"; };
		0FC63B092828834800C16BD8 /* ViewController.swift */ = {isa = PBXFileReference; lastKnownFileType = sourcecode.swift; path = ViewController.swift; sourceTree = "<group>"; };
		0FC63B0E2828834900C16BD8 /* Assets.xcassets */ = {isa = PBXFileReference; lastKnownFileType = folder.assetcatalog; path = Assets.xcassets; sourceTree = "<group>"; };
		0FC63B112828834900C16BD8 /* Base */ = {isa = PBXFileReference; lastKnownFileType = file.storyboard; name = Base; path = Base.lproj/LaunchScreen.storyboard; sourceTree = "<group>"; };
		0FC63B132828834900C16BD8 /* Info.plist */ = {isa = PBXFileReference; lastKnownFileType = text.plist.xml; path = Info.plist; sourceTree = "<group>"; };
		0FC63B27282887C400C16BD8 /* IPC.swift */ = {isa = PBXFileReference; lastKnownFileType = sourcecode.swift; path = IPC.swift; sourceTree = "<group>"; };
		0FC63B2A2828889700C16BD8 /* UIImage+.swift */ = {isa = PBXFileReference; lastKnownFileType = sourcecode.swift; path = "UIImage+.swift"; sourceTree = "<group>"; };
		0FC63B2D282888CE00C16BD8 /* TabBarViewController.swift */ = {isa = PBXFileReference; lastKnownFileType = sourcecode.swift; path = TabBarViewController.swift; sourceTree = "<group>"; };
		0FC63B2F28288D4300C16BD8 /* ViewModelHelper.swift */ = {isa = PBXFileReference; lastKnownFileType = sourcecode.swift; path = ViewModelHelper.swift; sourceTree = "<group>"; };
		0FC63B3128288E3600C16BD8 /* TabBarViewControllerViewModel.swift */ = {isa = PBXFileReference; lastKnownFileType = sourcecode.swift; path = TabBarViewControllerViewModel.swift; sourceTree = "<group>"; };
		0FC66FCD2828906700F36E47 /* GBM-ChallengeTests.xctest */ = {isa = PBXFileReference; explicitFileType = wrapper.cfbundle; includeInIndex = 0; path = "GBM-ChallengeTests.xctest"; sourceTree = BUILT_PRODUCTS_DIR; };
		0FC66FCF2828906700F36E47 /* GBM_ChallengeTests.swift */ = {isa = PBXFileReference; lastKnownFileType = sourcecode.swift; path = GBM_ChallengeTests.swift; sourceTree = "<group>"; };
		37861499A72810BEFF1DCD90 /* Pods-GBM-ChallengeTests.release.xcconfig */ = {isa = PBXFileReference; includeInIndex = 1; lastKnownFileType = text.xcconfig; name = "Pods-GBM-ChallengeTests.release.xcconfig"; path = "Target Support Files/Pods-GBM-ChallengeTests/Pods-GBM-ChallengeTests.release.xcconfig"; sourceTree = "<group>"; };
		82A2813CE6F2B107C4CB1EF0 /* Pods_GBM_ChallengeTests.framework */ = {isa = PBXFileReference; explicitFileType = wrapper.framework; includeInIndex = 0; path = Pods_GBM_ChallengeTests.framework; sourceTree = BUILT_PRODUCTS_DIR; };
		9248E4772AAC27374CC568AC /* Pods-GBM-ChallengeTests.debug.xcconfig */ = {isa = PBXFileReference; includeInIndex = 1; lastKnownFileType = text.xcconfig; name = "Pods-GBM-ChallengeTests.debug.xcconfig"; path = "Target Support Files/Pods-GBM-ChallengeTests/Pods-GBM-ChallengeTests.debug.xcconfig"; sourceTree = "<group>"; };
		95610CE5B7D842AF5FECD385 /* Pods_GBM_Challenge.framework */ = {isa = PBXFileReference; explicitFileType = wrapper.framework; includeInIndex = 0; path = Pods_GBM_Challenge.framework; sourceTree = BUILT_PRODUCTS_DIR; };
		F480CFF6433EE051844C9BB5 /* Pods-GBM-Challenge.release.xcconfig */ = {isa = PBXFileReference; includeInIndex = 1; lastKnownFileType = text.xcconfig; name = "Pods-GBM-Challenge.release.xcconfig"; path = "Target Support Files/Pods-GBM-Challenge/Pods-GBM-Challenge.release.xcconfig"; sourceTree = "<group>"; };
		F70DD456765D3D85425FF716 /* Pods-GBM-Challenge.debug.xcconfig */ = {isa = PBXFileReference; includeInIndex = 1; lastKnownFileType = text.xcconfig; name = "Pods-GBM-Challenge.debug.xcconfig"; path = "Target Support Files/Pods-GBM-Challenge/Pods-GBM-Challenge.debug.xcconfig"; sourceTree = "<group>"; };
/* End PBXFileReference section */

/* Begin PBXFrameworksBuildPhase section */
		0FC63AFF2828834800C16BD8 /* Frameworks */ = {
			isa = PBXFrameworksBuildPhase;
			buildActionMask = 2147483647;
			files = (
				D7EFFB98CEEAA4CBC9BFFBBC /* Pods_GBM_Challenge.framework in Frameworks */,
			);
			runOnlyForDeploymentPostprocessing = 0;
		};
		0FC66FCA2828906700F36E47 /* Frameworks */ = {
			isa = PBXFrameworksBuildPhase;
			buildActionMask = 2147483647;
			files = (
				ADE6913686693ED1DA781966 /* Pods_GBM_ChallengeTests.framework in Frameworks */,
			);
			runOnlyForDeploymentPostprocessing = 0;
		};
/* End PBXFrameworksBuildPhase section */

/* Begin PBXGroup section */
		0F675C2F2828961D009A0C86 /* TabBar */ = {
			isa = PBXGroup;
			children = (
				0FC63B2D282888CE00C16BD8 /* TabBarViewController.swift */,
				0F675C2D282893DF009A0C86 /* ChartViewController.swift */,
			);
			path = TabBar;
			sourceTree = "<group>";
		};
		0F675C3028289629009A0C86 /* Login */ = {
			isa = PBXGroup;
			children = (
				0F675C3128289640009A0C86 /* LoginViewController.swift */,
			);
			path = Login;
			sourceTree = "<group>";
		};
		0FC63AF92828834800C16BD8 = {
			isa = PBXGroup;
			children = (
				0FC63B042828834800C16BD8 /* GBM-Challenge */,
				0FC66FCE2828906700F36E47 /* GBM-ChallengeTests */,
				0FC63B032828834800C16BD8 /* Products */,
				36DF14FA03BE3BB544F2C7ED /* Pods */,
				11D0200573B12373E3BE9513 /* Frameworks */,
			);
			sourceTree = "<group>";
		};
		0FC63B032828834800C16BD8 /* Products */ = {
			isa = PBXGroup;
			children = (
				0FC63B022828834800C16BD8 /* GBM-Challenge.app */,
				0FC66FCD2828906700F36E47 /* GBM-ChallengeTests.xctest */,
			);
			name = Products;
			sourceTree = "<group>";
		};
		0FC63B042828834800C16BD8 /* GBM-Challenge */ = {
			isa = PBXGroup;
			children = (
				0FC63B26282887B800C16BD8 /* Models */,
				0FC63B292828888100C16BD8 /* Views */,
				0FC63B2C282888A200C16BD8 /* ViewModels */,
				0FC63B052828834800C16BD8 /* AppDelegate.swift */,
				0FC63B2F28288D4300C16BD8 /* ViewModelHelper.swift */,
				0FC63B092828834800C16BD8 /* ViewController.swift */,
				0FC63B2A2828889700C16BD8 /* UIImage+.swift */,
				0FC63B0E2828834900C16BD8 /* Assets.xcassets */,
				0FC63B102828834900C16BD8 /* LaunchScreen.storyboard */,
				0FC63B132828834900C16BD8 /* Info.plist */,
			);
			path = "GBM-Challenge";
			sourceTree = "<group>";
		};
		0FC63B26282887B800C16BD8 /* Models */ = {
			isa = PBXGroup;
			children = (
				0FC63B27282887C400C16BD8 /* IPC.swift */,
			);
			path = Models;
			sourceTree = "<group>";
		};
		0FC63B292828888100C16BD8 /* Views */ = {
			isa = PBXGroup;
			children = (
				0F675C3028289629009A0C86 /* Login */,
				0F675C2F2828961D009A0C86 /* TabBar */,
			);
			path = Views;
			sourceTree = "<group>";
		};
		0FC63B2C282888A200C16BD8 /* ViewModels */ = {
			isa = PBXGroup;
			children = (
				0FC63B3128288E3600C16BD8 /* TabBarViewControllerViewModel.swift */,
			);
			path = ViewModels;
			sourceTree = "<group>";
		};
		0FC66FCE2828906700F36E47 /* GBM-ChallengeTests */ = {
			isa = PBXGroup;
			children = (
				0FC66FCF2828906700F36E47 /* GBM_ChallengeTests.swift */,
			);
			path = "GBM-ChallengeTests";
			sourceTree = "<group>";
		};
		11D0200573B12373E3BE9513 /* Frameworks */ = {
			isa = PBXGroup;
			children = (
				95610CE5B7D842AF5FECD385 /* Pods_GBM_Challenge.framework */,
				82A2813CE6F2B107C4CB1EF0 /* Pods_GBM_ChallengeTests.framework */,
			);
			name = Frameworks;
			sourceTree = "<group>";
		};
		36DF14FA03BE3BB544F2C7ED /* Pods */ = {
			isa = PBXGroup;
			children = (
				F70DD456765D3D85425FF716 /* Pods-GBM-Challenge.debug.xcconfig */,
				F480CFF6433EE051844C9BB5 /* Pods-GBM-Challenge.release.xcconfig */,
				9248E4772AAC27374CC568AC /* Pods-GBM-ChallengeTests.debug.xcconfig */,
				37861499A72810BEFF1DCD90 /* Pods-GBM-ChallengeTests.release.xcconfig */,
			);
			path = Pods;
			sourceTree = "<group>";
		};
/* End PBXGroup section */

/* Begin PBXNativeTarget section */
		0FC63B012828834800C16BD8 /* GBM-Challenge */ = {
			isa = PBXNativeTarget;
			buildConfigurationList = 0FC63B162828834900C16BD8 /* Build configuration list for PBXNativeTarget "GBM-Challenge" */;
			buildPhases = (
				647C5DF322401D8E71B0CD38 /* [CP] Check Pods Manifest.lock */,
				0FC63AFE2828834800C16BD8 /* Sources */,
				0FC63AFF2828834800C16BD8 /* Frameworks */,
				0FC63B002828834800C16BD8 /* Resources */,
				215FF6D7B41681873E65105C /* [CP] Embed Pods Frameworks */,
			);
			buildRules = (
			);
			dependencies = (
			);
			name = "GBM-Challenge";
			productName = "GBM-Challenge";
			productReference = 0FC63B022828834800C16BD8 /* GBM-Challenge.app */;
			productType = "com.apple.product-type.application";
		};
		0FC66FCC2828906700F36E47 /* GBM-ChallengeTests */ = {
			isa = PBXNativeTarget;
			buildConfigurationList = 0FC66FD32828906700F36E47 /* Build configuration list for PBXNativeTarget "GBM-ChallengeTests" */;
			buildPhases = (
				E80A228E3B398A6110B1BEAB /* [CP] Check Pods Manifest.lock */,
				0FC66FC92828906700F36E47 /* Sources */,
				0FC66FCA2828906700F36E47 /* Frameworks */,
				0FC66FCB2828906700F36E47 /* Resources */,
				6F5886B2832BFF9ADF08E876 /* [CP] Embed Pods Frameworks */,
			);
			buildRules = (
			);
			dependencies = (
				0FC66FD22828906700F36E47 /* PBXTargetDependency */,
			);
			name = "GBM-ChallengeTests";
			productName = "GBM-ChallengeTests";
			productReference = 0FC66FCD2828906700F36E47 /* GBM-ChallengeTests.xctest */;
			productType = "com.apple.product-type.bundle.unit-test";
		};
/* End PBXNativeTarget section */

/* Begin PBXProject section */
		0FC63AFA2828834800C16BD8 /* Project object */ = {
			isa = PBXProject;
			attributes = {
				BuildIndependentTargetsInParallel = 1;
				LastSwiftUpdateCheck = 1330;
				LastUpgradeCheck = 1330;
				TargetAttributes = {
					0FC63B012828834800C16BD8 = {
						CreatedOnToolsVersion = 13.3.1;
					};
					0FC66FCC2828906700F36E47 = {
						CreatedOnToolsVersion = 13.3.1;
						TestTargetID = 0FC63B012828834800C16BD8;
					};
				};
			};
			buildConfigurationList = 0FC63AFD2828834800C16BD8 /* Build configuration list for PBXProject "GBM-Challenge" */;
			compatibilityVersion = "Xcode 13.0";
			developmentRegion = en;
			hasScannedForEncodings = 0;
			knownRegions = (
				en,
				Base,
			);
			mainGroup = 0FC63AF92828834800C16BD8;
			productRefGroup = 0FC63B032828834800C16BD8 /* Products */;
			projectDirPath = "";
			projectRoot = "";
			targets = (
				0FC63B012828834800C16BD8 /* GBM-Challenge */,
				0FC66FCC2828906700F36E47 /* GBM-ChallengeTests */,
			);
		};
/* End PBXProject section */

/* Begin PBXResourcesBuildPhase section */
		0FC63B002828834800C16BD8 /* Resources */ = {
			isa = PBXResourcesBuildPhase;
			buildActionMask = 2147483647;
			files = (
				0FC63B122828834900C16BD8 /* LaunchScreen.storyboard in Resources */,
				0FC63B0F2828834900C16BD8 /* Assets.xcassets in Resources */,
			);
			runOnlyForDeploymentPostprocessing = 0;
		};
		0FC66FCB2828906700F36E47 /* Resources */ = {
			isa = PBXResourcesBuildPhase;
			buildActionMask = 2147483647;
			files = (
			);
			runOnlyForDeploymentPostprocessing = 0;
		};
/* End PBXResourcesBuildPhase section */

/* Begin PBXShellScriptBuildPhase section */
		215FF6D7B41681873E65105C /* [CP] Embed Pods Frameworks */ = {
			isa = PBXShellScriptBuildPhase;
			buildActionMask = 2147483647;
			files = (
			);
			inputFileListPaths = (
				"${PODS_ROOT}/Target Support Files/Pods-GBM-Challenge/Pods-GBM-Challenge-frameworks-${CONFIGURATION}-input-files.xcfilelist",
			);
			name = "[CP] Embed Pods Frameworks";
			outputFileListPaths = (
				"${PODS_ROOT}/Target Support Files/Pods-GBM-Challenge/Pods-GBM-Challenge-frameworks-${CONFIGURATION}-output-files.xcfilelist",
			);
			runOnlyForDeploymentPostprocessing = 0;
			shellPath = /bin/sh;
			shellScript = "\"${PODS_ROOT}/Target Support Files/Pods-GBM-Challenge/Pods-GBM-Challenge-frameworks.sh\"\n";
			showEnvVarsInLog = 0;
		};
		647C5DF322401D8E71B0CD38 /* [CP] Check Pods Manifest.lock */ = {
			isa = PBXShellScriptBuildPhase;
			buildActionMask = 2147483647;
			files = (
			);
			inputFileListPaths = (
			);
			inputPaths = (
				"${PODS_PODFILE_DIR_PATH}/Podfile.lock",
				"${PODS_ROOT}/Manifest.lock",
			);
			name = "[CP] Check Pods Manifest.lock";
			outputFileListPaths = (
			);
			outputPaths = (
				"$(DERIVED_FILE_DIR)/Pods-GBM-Challenge-checkManifestLockResult.txt",
			);
			runOnlyForDeploymentPostprocessing = 0;
			shellPath = /bin/sh;
			shellScript = "diff \"${PODS_PODFILE_DIR_PATH}/Podfile.lock\" \"${PODS_ROOT}/Manifest.lock\" > /dev/null\nif [ $? != 0 ] ; then\n    # print error to STDERR\n    echo \"error: The sandbox is not in sync with the Podfile.lock. Run 'pod install' or update your CocoaPods installation.\" >&2\n    exit 1\nfi\n# This output is used by Xcode 'outputs' to avoid re-running this script phase.\necho \"SUCCESS\" > \"${SCRIPT_OUTPUT_FILE_0}\"\n";
			showEnvVarsInLog = 0;
		};
		6F5886B2832BFF9ADF08E876 /* [CP] Embed Pods Frameworks */ = {
			isa = PBXShellScriptBuildPhase;
			buildActionMask = 2147483647;
			files = (
			);
			inputFileListPaths = (
				"${PODS_ROOT}/Target Support Files/Pods-GBM-ChallengeTests/Pods-GBM-ChallengeTests-frameworks-${CONFIGURATION}-input-files.xcfilelist",
			);
			name = "[CP] Embed Pods Frameworks";
			outputFileListPaths = (
				"${PODS_ROOT}/Target Support Files/Pods-GBM-ChallengeTests/Pods-GBM-ChallengeTests-frameworks-${CONFIGURATION}-output-files.xcfilelist",
			);
			runOnlyForDeploymentPostprocessing = 0;
			shellPath = /bin/sh;
			shellScript = "\"${PODS_ROOT}/Target Support Files/Pods-GBM-ChallengeTests/Pods-GBM-ChallengeTests-frameworks.sh\"\n";
			showEnvVarsInLog = 0;
		};
		E80A228E3B398A6110B1BEAB /* [CP] Check Pods Manifest.lock */ = {
			isa = PBXShellScriptBuildPhase;
			buildActionMask = 2147483647;
			files = (
			);
			inputFileListPaths = (
			);
			inputPaths = (
				"${PODS_PODFILE_DIR_PATH}/Podfile.lock",
				"${PODS_ROOT}/Manifest.lock",
			);
			name = "[CP] Check Pods Manifest.lock";
			outputFileListPaths = (
			);
			outputPaths = (
				"$(DERIVED_FILE_DIR)/Pods-GBM-ChallengeTests-checkManifestLockResult.txt",
			);
			runOnlyForDeploymentPostprocessing = 0;
			shellPath = /bin/sh;
			shellScript = "diff \"${PODS_PODFILE_DIR_PATH}/Podfile.lock\" \"${PODS_ROOT}/Manifest.lock\" > /dev/null\nif [ $? != 0 ] ; then\n    # print error to STDERR\n    echo \"error: The sandbox is not in sync with the Podfile.lock. Run 'pod install' or update your CocoaPods installation.\" >&2\n    exit 1\nfi\n# This output is used by Xcode 'outputs' to avoid re-running this script phase.\necho \"SUCCESS\" > \"${SCRIPT_OUTPUT_FILE_0}\"\n";
			showEnvVarsInLog = 0;
		};
/* End PBXShellScriptBuildPhase section */

/* Begin PBXSourcesBuildPhase section */
		0FC63AFE2828834800C16BD8 /* Sources */ = {
			isa = PBXSourcesBuildPhase;
			buildActionMask = 2147483647;
			files = (
				0F675C3228289640009A0C86 /* LoginViewController.swift in Sources */,
				0FC63B0A2828834800C16BD8 /* ViewController.swift in Sources */,
				0FC63B3228288E3600C16BD8 /* TabBarViewControllerViewModel.swift in Sources */,
				0FC63B28282887C400C16BD8 /* IPC.swift in Sources */,
				0FC63B3028288D4300C16BD8 /* ViewModelHelper.swift in Sources */,
				0FC63B2B2828889700C16BD8 /* UIImage+.swift in Sources */,
				0F675C2E282893DF009A0C86 /* ChartViewController.swift in Sources */,
				0FC63B2E282888CE00C16BD8 /* TabBarViewController.swift in Sources */,
				0FC63B062828834800C16BD8 /* AppDelegate.swift in Sources */,
			);
			runOnlyForDeploymentPostprocessing = 0;
		};
		0FC66FC92828906700F36E47 /* Sources */ = {
			isa = PBXSourcesBuildPhase;
			buildActionMask = 2147483647;
			files = (
				0FC66FD02828906700F36E47 /* GBM_ChallengeTests.swift in Sources */,
			);
			runOnlyForDeploymentPostprocessing = 0;
		};
/* End PBXSourcesBuildPhase section */

/* Begin PBXTargetDependency section */
		0FC66FD22828906700F36E47 /* PBXTargetDependency */ = {
			isa = PBXTargetDependency;
			target = 0FC63B012828834800C16BD8 /* GBM-Challenge */;
			targetProxy = 0FC66FD12828906700F36E47 /* PBXContainerItemProxy */;
		};
/* End PBXTargetDependency section */

/* Begin PBXVariantGroup section */
		0FC63B102828834900C16BD8 /* LaunchScreen.storyboard */ = {
			isa = PBXVariantGroup;
			children = (
				0FC63B112828834900C16BD8 /* Base */,
			);
			name = LaunchScreen.storyboard;
			sourceTree = "<group>";
		};
/* End PBXVariantGroup section */

/* Begin XCBuildConfiguration section */
		0FC63B142828834900C16BD8 /* Debug */ = {
			isa = XCBuildConfiguration;
			buildSettings = {
				ALWAYS_SEARCH_USER_PATHS = NO;
				CLANG_ANALYZER_NONNULL = YES;
				CLANG_ANALYZER_NUMBER_OBJECT_CONVERSION = YES_AGGRESSIVE;
				CLANG_CXX_LANGUAGE_STANDARD = "gnu++17";
				CLANG_ENABLE_MODULES = YES;
				CLANG_ENABLE_OBJC_ARC = YES;
				CLANG_ENABLE_OBJC_WEAK = YES;
				CLANG_WARN_BLOCK_CAPTURE_AUTORELEASING = YES;
				CLANG_WARN_BOOL_CONVERSION = YES;
				CLANG_WARN_COMMA = YES;
				CLANG_WARN_CONSTANT_CONVERSION = YES;
				CLANG_WARN_DEPRECATED_OBJC_IMPLEMENTATIONS = YES;
				CLANG_WARN_DIRECT_OBJC_ISA_USAGE = YES_ERROR;
				CLANG_WARN_DOCUMENTATION_COMMENTS = YES;
				CLANG_WARN_EMPTY_BODY = YES;
				CLANG_WARN_ENUM_CONVERSION = YES;
				CLANG_WARN_INFINITE_RECURSION = YES;
				CLANG_WARN_INT_CONVERSION = YES;
				CLANG_WARN_NON_LITERAL_NULL_CONVERSION = YES;
				CLANG_WARN_OBJC_IMPLICIT_RETAIN_SELF = YES;
				CLANG_WARN_OBJC_LITERAL_CONVERSION = YES;
				CLANG_WARN_OBJC_ROOT_CLASS = YES_ERROR;
				CLANG_WARN_QUOTED_INCLUDE_IN_FRAMEWORK_HEADER = YES;
				CLANG_WARN_RANGE_LOOP_ANALYSIS = YES;
				CLANG_WARN_STRICT_PROTOTYPES = YES;
				CLANG_WARN_SUSPICIOUS_MOVE = YES;
				CLANG_WARN_UNGUARDED_AVAILABILITY = YES_AGGRESSIVE;
				CLANG_WARN_UNREACHABLE_CODE = YES;
				CLANG_WARN__DUPLICATE_METHOD_MATCH = YES;
				COPY_PHASE_STRIP = NO;
				DEBUG_INFORMATION_FORMAT = dwarf;
				ENABLE_STRICT_OBJC_MSGSEND = YES;
				ENABLE_TESTABILITY = YES;
				GCC_C_LANGUAGE_STANDARD = gnu11;
				GCC_DYNAMIC_NO_PIC = NO;
				GCC_NO_COMMON_BLOCKS = YES;
				GCC_OPTIMIZATION_LEVEL = 0;
				GCC_PREPROCESSOR_DEFINITIONS = (
					"DEBUG=1",
					"$(inherited)",
				);
				GCC_WARN_64_TO_32_BIT_CONVERSION = YES;
				GCC_WARN_ABOUT_RETURN_TYPE = YES_ERROR;
				GCC_WARN_UNDECLARED_SELECTOR = YES;
				GCC_WARN_UNINITIALIZED_AUTOS = YES_AGGRESSIVE;
				GCC_WARN_UNUSED_FUNCTION = YES;
				GCC_WARN_UNUSED_VARIABLE = YES;
				IPHONEOS_DEPLOYMENT_TARGET = 15.4;
				MTL_ENABLE_DEBUG_INFO = INCLUDE_SOURCE;
				MTL_FAST_MATH = YES;
				ONLY_ACTIVE_ARCH = YES;
				SDKROOT = iphoneos;
				SWIFT_ACTIVE_COMPILATION_CONDITIONS = DEBUG;
				SWIFT_OPTIMIZATION_LEVEL = "-Onone";
			};
			name = Debug;
		};
		0FC63B152828834900C16BD8 /* Release */ = {
			isa = XCBuildConfiguration;
			buildSettings = {
				ALWAYS_SEARCH_USER_PATHS = NO;
				CLANG_ANALYZER_NONNULL = YES;
				CLANG_ANALYZER_NUMBER_OBJECT_CONVERSION = YES_AGGRESSIVE;
				CLANG_CXX_LANGUAGE_STANDARD = "gnu++17";
				CLANG_ENABLE_MODULES = YES;
				CLANG_ENABLE_OBJC_ARC = YES;
				CLANG_ENABLE_OBJC_WEAK = YES;
				CLANG_WARN_BLOCK_CAPTURE_AUTORELEASING = YES;
				CLANG_WARN_BOOL_CONVERSION = YES;
				CLANG_WARN_COMMA = YES;
				CLANG_WARN_CONSTANT_CONVERSION = YES;
				CLANG_WARN_DEPRECATED_OBJC_IMPLEMENTATIONS = YES;
				CLANG_WARN_DIRECT_OBJC_ISA_USAGE = YES_ERROR;
				CLANG_WARN_DOCUMENTATION_COMMENTS = YES;
				CLANG_WARN_EMPTY_BODY = YES;
				CLANG_WARN_ENUM_CONVERSION = YES;
				CLANG_WARN_INFINITE_RECURSION = YES;
				CLANG_WARN_INT_CONVERSION = YES;
				CLANG_WARN_NON_LITERAL_NULL_CONVERSION = YES;
				CLANG_WARN_OBJC_IMPLICIT_RETAIN_SELF = YES;
				CLANG_WARN_OBJC_LITERAL_CONVERSION = YES;
				CLANG_WARN_OBJC_ROOT_CLASS = YES_ERROR;
				CLANG_WARN_QUOTED_INCLUDE_IN_FRAMEWORK_HEADER = YES;
				CLANG_WARN_RANGE_LOOP_ANALYSIS = YES;
				CLANG_WARN_STRICT_PROTOTYPES = YES;
				CLANG_WARN_SUSPICIOUS_MOVE = YES;
				CLANG_WARN_UNGUARDED_AVAILABILITY = YES_AGGRESSIVE;
				CLANG_WARN_UNREACHABLE_CODE = YES;
				CLANG_WARN__DUPLICATE_METHOD_MATCH = YES;
				COPY_PHASE_STRIP = NO;
				DEBUG_INFORMATION_FORMAT = "dwarf-with-dsym";
				ENABLE_NS_ASSERTIONS = NO;
				ENABLE_STRICT_OBJC_MSGSEND = YES;
				GCC_C_LANGUAGE_STANDARD = gnu11;
				GCC_NO_COMMON_BLOCKS = YES;
				GCC_WARN_64_TO_32_BIT_CONVERSION = YES;
				GCC_WARN_ABOUT_RETURN_TYPE = YES_ERROR;
				GCC_WARN_UNDECLARED_SELECTOR = YES;
				GCC_WARN_UNINITIALIZED_AUTOS = YES_AGGRESSIVE;
				GCC_WARN_UNUSED_FUNCTION = YES;
				GCC_WARN_UNUSED_VARIABLE = YES;
				IPHONEOS_DEPLOYMENT_TARGET = 15.4;
				MTL_ENABLE_DEBUG_INFO = NO;
				MTL_FAST_MATH = YES;
				SDKROOT = iphoneos;
				SWIFT_COMPILATION_MODE = wholemodule;
				SWIFT_OPTIMIZATION_LEVEL = "-O";
				VALIDATE_PRODUCT = YES;
			};
			name = Release;
		};
		0FC63B172828834900C16BD8 /* Debug */ = {
			isa = XCBuildConfiguration;
			baseConfigurationReference = F70DD456765D3D85425FF716 /* Pods-GBM-Challenge.debug.xcconfig */;
			buildSettings = {
				ASSETCATALOG_COMPILER_APPICON_NAME = AppIcon;
				ASSETCATALOG_COMPILER_GLOBAL_ACCENT_COLOR_NAME = AccentColor;
				CODE_SIGN_STYLE = Automatic;
				CURRENT_PROJECT_VERSION = 1;
				DEVELOPMENT_TEAM = Z4N5PCLAFV;
				GENERATE_INFOPLIST_FILE = YES;
				INFOPLIST_FILE = "GBM-Challenge/Info.plist";
				INFOPLIST_KEY_UIApplicationSupportsIndirectInputEvents = YES;
				INFOPLIST_KEY_UILaunchStoryboardName = LaunchScreen;
				INFOPLIST_KEY_UISupportedInterfaceOrientations_iPad = "UIInterfaceOrientationPortrait UIInterfaceOrientationPortraitUpsideDown UIInterfaceOrientationLandscapeLeft UIInterfaceOrientationLandscapeRight";
				INFOPLIST_KEY_UISupportedInterfaceOrientations_iPhone = "UIInterfaceOrientationPortrait UIInterfaceOrientationLandscapeLeft UIInterfaceOrientationLandscapeRight";
				LD_RUNPATH_SEARCH_PATHS = (
					"$(inherited)",
					"@executable_path/Frameworks",
				);
				MARKETING_VERSION = 1.0;
				PRODUCT_BUNDLE_IDENTIFIER = "jgc92.GBM-Challenge";
				PRODUCT_NAME = "$(TARGET_NAME)";
				SWIFT_EMIT_LOC_STRINGS = YES;
				SWIFT_VERSION = 5.0;
				TARGETED_DEVICE_FAMILY = "1,2";
			};
			name = Debug;
		};
		0FC63B182828834900C16BD8 /* Release */ = {
			isa = XCBuildConfiguration;
			baseConfigurationReference = F480CFF6433EE051844C9BB5 /* Pods-GBM-Challenge.release.xcconfig */;
			buildSettings = {
				ASSETCATALOG_COMPILER_APPICON_NAME = AppIcon;
				ASSETCATALOG_COMPILER_GLOBAL_ACCENT_COLOR_NAME = AccentColor;
				CODE_SIGN_STYLE = Automatic;
				CURRENT_PROJECT_VERSION = 1;
				DEVELOPMENT_TEAM = Z4N5PCLAFV;
				GENERATE_INFOPLIST_FILE = YES;
				INFOPLIST_FILE = "GBM-Challenge/Info.plist";
				INFOPLIST_KEY_UIApplicationSupportsIndirectInputEvents = YES;
				INFOPLIST_KEY_UILaunchStoryboardName = LaunchScreen;
				INFOPLIST_KEY_UISupportedInterfaceOrientations_iPad = "UIInterfaceOrientationPortrait UIInterfaceOrientationPortraitUpsideDown UIInterfaceOrientationLandscapeLeft UIInterfaceOrientationLandscapeRight";
				INFOPLIST_KEY_UISupportedInterfaceOrientations_iPhone = "UIInterfaceOrientationPortrait UIInterfaceOrientationLandscapeLeft UIInterfaceOrientationLandscapeRight";
				LD_RUNPATH_SEARCH_PATHS = (
					"$(inherited)",
					"@executable_path/Frameworks",
				);
				MARKETING_VERSION = 1.0;
				PRODUCT_BUNDLE_IDENTIFIER = "jgc92.GBM-Challenge";
				PRODUCT_NAME = "$(TARGET_NAME)";
				SWIFT_EMIT_LOC_STRINGS = YES;
				SWIFT_VERSION = 5.0;
				TARGETED_DEVICE_FAMILY = "1,2";
			};
			name = Release;
		};
		0FC66FD42828906700F36E47 /* Debug */ = {
			isa = XCBuildConfiguration;
			baseConfigurationReference = 9248E4772AAC27374CC568AC /* Pods-GBM-ChallengeTests.debug.xcconfig */;
			buildSettings = {
				BUNDLE_LOADER = "$(TEST_HOST)";
				CODE_SIGN_STYLE = Automatic;
				CURRENT_PROJECT_VERSION = 1;
				DEVELOPMENT_TEAM = Z4N5PCLAFV;
				GENERATE_INFOPLIST_FILE = YES;
				MARKETING_VERSION = 1.0;
				PRODUCT_BUNDLE_IDENTIFIER = "jgc92.GBM-ChallengeTests";
				PRODUCT_NAME = "$(TARGET_NAME)";
				SWIFT_EMIT_LOC_STRINGS = NO;
				SWIFT_VERSION = 5.0;
				TARGETED_DEVICE_FAMILY = "1,2";
				TEST_HOST = "$(BUILT_PRODUCTS_DIR)/GBM-Challenge.app/GBM-Challenge";
			};
			name = Debug;
		};
		0FC66FD52828906700F36E47 /* Release */ = {
			isa = XCBuildConfiguration;
			baseConfigurationReference = 37861499A72810BEFF1DCD90 /* Pods-GBM-ChallengeTests.release.xcconfig */;
			buildSettings = {
				BUNDLE_LOADER = "$(TEST_HOST)";
				CODE_SIGN_STYLE = Automatic;
				CURRENT_PROJECT_VERSION = 1;
				DEVELOPMENT_TEAM = Z4N5PCLAFV;
				GENERATE_INFOPLIST_FILE = YES;
				MARKETING_VERSION = 1.0;
				PRODUCT_BUNDLE_IDENTIFIER = "jgc92.GBM-ChallengeTests";
				PRODUCT_NAME = "$(TARGET_NAME)";
				SWIFT_EMIT_LOC_STRINGS = NO;
				SWIFT_VERSION = 5.0;
				TARGETED_DEVICE_FAMILY = "1,2";
				TEST_HOST = "$(BUILT_PRODUCTS_DIR)/GBM-Challenge.app/GBM-Challenge";
			};
			name = Release;
		};
/* End XCBuildConfiguration section */

/* Begin XCConfigurationList section */
		0FC63AFD2828834800C16BD8 /* Build configuration list for PBXProject "GBM-Challenge" */ = {
			isa = XCConfigurationList;
			buildConfigurations = (
				0FC63B142828834900C16BD8 /* Debug */,
				0FC63B152828834900C16BD8 /* Release */,
			);
			defaultConfigurationIsVisible = 0;
			defaultConfigurationName = Release;
		};
		0FC63B162828834900C16BD8 /* Build configuration list for PBXNativeTarget "GBM-Challenge" */ = {
			isa = XCConfigurationList;
			buildConfigurations = (
				0FC63B172828834900C16BD8 /* Debug */,
				0FC63B182828834900C16BD8 /* Release */,
			);
			defaultConfigurationIsVisible = 0;
			defaultConfigurationName = Release;
		};
		0FC66FD32828906700F36E47 /* Build configuration list for PBXNativeTarget "GBM-ChallengeTests" */ = {
			isa = XCConfigurationList;
			buildConfigurations = (
				0FC66FD42828906700F36E47 /* Debug */,
				0FC66FD52828906700F36E47 /* Release */,
			);
			defaultConfigurationIsVisible = 0;
			defaultConfigurationName = Release;
		};
/* End XCConfigurationList section */
	};
	rootObject = 0FC63AFA2828834800C16BD8 /* Project object */;
}
